
Microsoft Visual Studio Solution File, Format Version 12.00
# Visual Studio Version 16
VisualStudioVersion = 16.0.33027.164
MinimumVisualStudioVersion = 10.0.40219.1
Project("{FAE04EC0-301F-11D3-BF4B-00C04F79EFBC}") = "HarderFeatherFallMod", "HarderFeatherFallMod.csproj", "{7AC73AF1-150F-446C-A73B-468543CA8CCC}"
EndProject
Global
	GlobalSection(SolutionConfigurationPlatforms) = preSolution
		Debug|Any CPU = Debug|Any CPU
		Release|Any CPU = Release|Any CPU
	EndGlobalSection
	GlobalSection(ProjectConfigurationPlatforms) = postSolution
		{7AC73AF1-150F-446C-A73B-468543CA8CCC}.Debug|Any CPU.ActiveCfg = Debug|Any CPU
		{7AC73AF1-150F-446C-A73B-468543CA8CCC}.Debug|Any CPU.Build.0 = Debug|Any CPU
		{7AC73AF1-150F-446C-A73B-468543CA8CCC}.Release|Any CPU.ActiveCfg = Release|Any CPU
		{7AC73AF1-150F-446C-A73B-468543CA8CCC}.Release|Any CPU.Build.0 = Release|Any CPU
	EndGlobalSection
	GlobalSection(SolutionProperties) = preSolution
		HideSolutionNode = FALSE
	EndGlobalSection
	GlobalSection(ExtensibilityGlobals) = postSolution
		SolutionGuid = {34DB62C5-CEFF-485C-A1D1-A0F258281321}
	EndGlobalSection
EndGlobal
